// !$*UTF8*$!
{
	archiveVersion = 1;
	classes = {
	};
	objectVersion = 48;
	objects = {

/* Begin PBXBuildFile section */
		2888C96C20732C4200EF3306 /* AppDelegate.m in Sources */ = {isa = PBXBuildFile; fileRef = 2888C96B20732C4200EF3306 /* AppDelegate.m */; };
		2888C96F20732C4200EF3306 /* ViewController.m in Sources */ = {isa = PBXBuildFile; fileRef = 2888C96E20732C4200EF3306 /* ViewController.m */; };
		2888C97220732C4200EF3306 /* Main.storyboard in Resources */ = {isa = PBXBuildFile; fileRef = 2888C97020732C4200EF3306 /* Main.storyboard */; };
		2888C97420732C4200EF3306 /* Assets.xcassets in Resources */ = {isa = PBXBuildFile; fileRef = 2888C97320732C4200EF3306 /* Assets.xcassets */; };
		2888C97720732C4200EF3306 /* LaunchScreen.storyboard in Resources */ = {isa = PBXBuildFile; fileRef = 2888C97520732C4200EF3306 /* LaunchScreen.storyboard */; };
		2888C97A20732C4200EF3306 /* main.m in Sources */ = {isa = PBXBuildFile; fileRef = 2888C97920732C4200EF3306 /* main.m */; };
		2888C98220732CA000EF3306 /* HyperlinksLabel.m in Sources */ = {isa = PBXBuildFile; fileRef = 2888C98120732CA000EF3306 /* HyperlinksLabel.m */; };
		2888C98820732CC500EF3306 /* MZSelectableLabel.m in Sources */ = {isa = PBXBuildFile; fileRef = 2888C98520732CC500EF3306 /* MZSelectableLabel.m */; };
		2888C98920732CC500EF3306 /* UIColor+Equalable.m in Sources */ = {isa = PBXBuildFile; fileRef = 2888C98720732CC500EF3306 /* UIColor+Equalable.m */; };
/* End PBXBuildFile section */

/* Begin PBXFileReference section */
		2888C96720732C4200EF3306 /* HyperlinksDemo.app */ = {isa = PBXFileReference; explicitFileType = wrapper.application; includeInIndex = 0; path = HyperlinksDemo.app; sourceTree = BUILT_PRODUCTS_DIR; };
		2888C96A20732C4200EF3306 /* AppDelegate.h */ = {isa = PBXFileReference; lastKnownFileType = sourcecode.c.h; path = AppDelegate.h; sourceTree = "<group>"; };
		2888C96B20732C4200EF3306 /* AppDelegate.m */ = {isa = PBXFileReference; lastKnownFileType = sourcecode.c.objc; path = AppDelegate.m; sourceTree = "<group>"; };
		2888C96D20732C4200EF3306 /* ViewController.h */ = {isa = PBXFileReference; lastKnownFileType = sourcecode.c.h; path = ViewController.h; sourceTree = "<group>"; };
		2888C96E20732C4200EF3306 /* ViewController.m */ = {isa = PBXFileReference; lastKnownFileType = sourcecode.c.objc; path = ViewController.m; sourceTree = "<group>"; };
		2888C97120732C4200EF3306 /* Base */ = {isa = PBXFileReference; lastKnownFileType = file.storyboard; name = Base; path = Base.lproj/Main.storyboard; sourceTree = "<group>"; };
		2888C97320732C4200EF3306 /* Assets.xcassets */ = {isa = PBXFileReference; lastKnownFileType = folder.assetcatalog; path = Assets.xcassets; sourceTree = "<group>"; };
		2888C97620732C4200EF3306 /* Base */ = {isa = PBXFileReference; lastKnownFileType = file.storyboard; name = Base; path = Base.lproj/LaunchScreen.storyboard; sourceTree = "<group>"; };
		2888C97820732C4200EF3306 /* Info.plist */ = {isa = PBXFileReference; lastKnownFileType = text.plist.xml; path = Info.plist; sourceTree = "<group>"; };
		2888C97920732C4200EF3306 /* main.m */ = {isa = PBXFileReference; lastKnownFileType = sourcecode.c.objc; path = main.m; sourceTree = "<group>"; };
		2888C98020732CA000EF3306 /* HyperlinksLabel.h */ = {isa = PBXFileReference; fileEncoding = 4; lastKnownFileType = sourcecode.c.h; path = HyperlinksLabel.h; sourceTree = "<group>"; };
		2888C98120732CA000EF3306 /* HyperlinksLabel.m */ = {isa = PBXFileReference; fileEncoding = 4; lastKnownFileType = sourcecode.c.objc; path = HyperlinksLabel.m; sourceTree = "<group>"; };
		2888C98420732CC500EF3306 /* MZSelectableLabel.h */ = {isa = PBXFileReference; fileEncoding = 4; lastKnownFileType = sourcecode.c.h; path = MZSelectableLabel.h; sourceTree = "<group>"; };
		2888C98520732CC500EF3306 /* MZSelectableLabel.m */ = {isa = PBXFileReference; fileEncoding = 4; lastKnownFileType = sourcecode.c.objc; path = MZSelectableLabel.m; sourceTree = "<group>"; };
		2888C98620732CC500EF3306 /* UIColor+Equalable.h */ = {isa = PBXFileReference; fileEncoding = 4; lastKnownFileType = sourcecode.c.h; path = "UIColor+Equalable.h"; sourceTree = "<group>"; };
		2888C98720732CC500EF3306 /* UIColor+Equalable.m */ = {isa = PBXFileReference; fileEncoding = 4; lastKnownFileType = sourcecode.c.objc; path = "UIColor+Equalable.m"; sourceTree = "<group>"; };
/* End PBXFileReference section */

/* Begin PBXFrameworksBuildPhase section */
		2888C96420732C4200EF3306 /* Frameworks */ = {
			isa = PBXFrameworksBuildPhase;
			buildActionMask = 2147483647;
			files = (
			);
			runOnlyForDeploymentPostprocessing = 0;
		};
/* End PBXFrameworksBuildPhase section */

/* Begin PBXGroup section */
		2888C95E20732C4200EF3306 = {
			isa = PBXGroup;
			children = (
				2888C96920732C4200EF3306 /* HyperlinksDemo */,
				2888C96820732C4200EF3306 /* Products */,
			);
			sourceTree = "<group>";
		};
		2888C96820732C4200EF3306 /* Products */ = {
			isa = PBXGroup;
			children = (
				2888C96720732C4200EF3306 /* HyperlinksDemo.app */,
			);
			name = Products;
			sourceTree = "<group>";
		};
		2888C96920732C4200EF3306 /* HyperlinksDemo */ = {
			isa = PBXGroup;
			children = (
				2888C98320732CC500EF3306 /* MZSelectableLabel */,
				2888C98020732CA000EF3306 /* HyperlinksLabel.h */,
				2888C98120732CA000EF3306 /* HyperlinksLabel.m */,
				2888C96A20732C4200EF3306 /* AppDelegate.h */,
				2888C96B20732C4200EF3306 /* AppDelegate.m */,
				2888C96D20732C4200EF3306 /* ViewController.h */,
				2888C96E20732C4200EF3306 /* ViewController.m */,
				2888C97020732C4200EF3306 /* Main.storyboard */,
				2888C97320732C4200EF3306 /* Assets.xcassets */,
				2888C97520732C4200EF3306 /* LaunchScreen.storyboard */,
				2888C97820732C4200EF3306 /* Info.plist */,
				2888C97920732C4200EF3306 /* main.m */,
			);
			path = HyperlinksDemo;
			sourceTree = "<group>";
		};
		2888C98320732CC500EF3306 /* MZSelectableLabel */ = {
			isa = PBXGroup;
			children = (
				2888C98420732CC500EF3306 /* MZSelectableLabel.h */,
				2888C98520732CC500EF3306 /* MZSelectableLabel.m */,
				2888C98620732CC500EF3306 /* UIColor+Equalable.h */,
				2888C98720732CC500EF3306 /* UIColor+Equalable.m */,
			);
			path = MZSelectableLabel;
			sourceTree = "<group>";
		};
/* End PBXGroup section */

/* Begin PBXNativeTarget section */
		2888C96620732C4200EF3306 /* HyperlinksDemo */ = {
			isa = PBXNativeTarget;
			buildConfigurationList = 2888C97D20732C4200EF3306 /* Build configuration list for PBXNativeTarget "HyperlinksDemo" */;
			buildPhases = (
				2888C96320732C4200EF3306 /* Sources */,
				2888C96420732C4200EF3306 /* Frameworks */,
				2888C96520732C4200EF3306 /* Resources */,
			);
			buildRules = (
			);
			dependencies = (
			);
			name = HyperlinksDemo;
			productName = HyperlinksDemo;
			productReference = 2888C96720732C4200EF3306 /* HyperlinksDemo.app */;
			productType = "com.apple.product-type.application";
		};
/* End PBXNativeTarget section */

/* Begin PBXProject section */
		2888C95F20732C4200EF3306 /* Project object */ = {
			isa = PBXProject;
			attributes = {
				LastUpgradeCheck = 0920;
				ORGANIZATIONNAME = ZQ;
				TargetAttributes = {
					2888C96620732C4200EF3306 = {
						CreatedOnToolsVersion = 9.2;
						ProvisioningStyle = Automatic;
					};
				};
			};
			buildConfigurationList = 2888C96220732C4200EF3306 /* Build configuration list for PBXProject "HyperlinksDemo" */;
			compatibilityVersion = "Xcode 8.0";
			developmentRegion = en;
			hasScannedForEncodings = 0;
			knownRegions = (
				en,
				Base,
			);
			mainGroup = 2888C95E20732C4200EF3306;
			productRefGroup = 2888C96820732C4200EF3306 /* Products */;
			projectDirPath = "";
			projectRoot = "";
			targets = (
				2888C96620732C4200EF3306 /* HyperlinksDemo */,
			);
		};
/* End PBXProject section */

/* Begin PBXResourcesBuildPhase section */
		2888C96520732C4200EF3306 /* Resources */ = {
			isa = PBXResourcesBuildPhase;
			buildActionMask = 2147483647;
			files = (
				2888C97720732C4200EF3306 /* LaunchScreen.storyboard in Resources */,
				2888C97420732C4200EF3306 /* Assets.xcassets in Resources */,
				2888C97220732C4200EF3306 /* Main.storyboard in Resources */,
			);
			runOnlyForDeploymentPostprocessing = 0;
		};
/* End PBXResourcesBuildPhase section */

/* Begin PBXSourcesBuildPhase section */
		2888C96320732C4200EF3306 /* Sources */ = {
			isa = PBXSourcesBuildPhase;
			buildActionMask = 2147483647;
			files = (
				2888C96F20732C4200EF3306 /* ViewController.m in Sources */,
				2888C98220732CA000EF3306 /* HyperlinksLabel.m in Sources */,
				2888C97A20732C4200EF3306 /* main.m in Sources */,
				2888C96C20732C4200EF3306 /* AppDelegate.m in Sources */,
				2888C98920732CC500EF3306 /* UIColor+Equalable.m in Sources */,
				2888C98820732CC500EF3306 /* MZSelectableLabel.m in Sources */,
			);
			runOnlyForDeploymentPostprocessing = 0;
		};
/* End PBXSourcesBuildPhase section */

/* Begin PBXVariantGroup section */
		2888C97020732C4200EF3306 /* Main.storyboard */ = {
			isa = PBXVariantGroup;
			children = (
				2888C97120732C4200EF3306 /* Base */,
			);
			name = Main.storyboard;
			sourceTree = "<group>";
		};
		2888C97520732C4200EF3306 /* LaunchScreen.storyboard */ = {
			isa = PBXVariantGroup;
			children = (
				2888C97620732C4200EF3306 /* Base */,
			);
			name = LaunchScreen.storyboard;
			sourceTree = "<group>";
		};
/* End PBXVariantGroup section */

/* Begin XCBuildConfiguration section */
		2888C97B20732C4200EF3306 /* Debug */ = {
			isa = XCBuildConfiguration;
			buildSettings = {
				ALWAYS_SEARCH_USER_PATHS = NO;
				CLANG_ANALYZER_NONNULL = YES;
				CLANG_ANALYZER_NUMBER_OBJECT_CONVERSION = YES_AGGRESSIVE;
				CLANG_CXX_LANGUAGE_STANDARD = "gnu++14";
				CLANG_CXX_LIBRARY = "libc++";
				CLANG_ENABLE_MODULES = YES;
				CLANG_ENABLE_OBJC_ARC = YES;
				CLANG_WARN_BLOCK_CAPTURE_AUTORELEASING = YES;
				CLANG_WARN_BOOL_CONVERSION = YES;
				CLANG_WARN_COMMA = YES;
				CLANG_WARN_CONSTANT_CONVERSION = YES;
				CLANG_WARN_DIRECT_OBJC_ISA_USAGE = YES_ERROR;
				CLANG_WARN_DOCUMENTATION_COMMENTS = YES;
				CLANG_WARN_EMPTY_BODY = YES;
				CLANG_WARN_ENUM_CONVERSION = YES;
				CLANG_WARN_INFINITE_RECURSION = YES;
				CLANG_WARN_INT_CONVERSION = YES;
				CLANG_WARN_NON_LITERAL_NULL_CONVERSION = YES;
				CLANG_WARN_OBJC_LITERAL_CONVERSION = YES;
				CLANG_WARN_OBJC_ROOT_CLASS = YES_ERROR;
				CLANG_WARN_RANGE_LOOP_ANALYSIS = YES;
				CLANG_WARN_STRICT_PROTOTYPES = YES;
				CLANG_WARN_SUSPICIOUS_MOVE = YES;
				CLANG_WARN_UNGUARDED_AVAILABILITY = YES_AGGRESSIVE;
				CLANG_WARN_UNREACHABLE_CODE = YES;
				CLANG_WARN__DUPLICATE_METHOD_MATCH = YES;
				CODE_SIGN_IDENTITY = "iPhone Developer";
				COPY_PHASE_STRIP = NO;
				DEBUG_INFORMATION_FORMAT = dwarf;
				ENABLE_STRICT_OBJC_MSGSEND = YES;
				ENABLE_TESTABILITY = YES;
				GCC_C_LANGUAGE_STANDARD = gnu11;
				GCC_DYNAMIC_NO_PIC = NO;
				GCC_NO_COMMON_BLOCKS = YES;
				GCC_OPTIMIZATION_LEVEL = 0;
				GCC_PREPROCESSOR_DEFINITIONS = (
					"DEBUG=1",
					"$(inherited)",
				);
				GCC_WARN_64_TO_32_BIT_CONVERSION = YES;
				GCC_WARN_ABOUT_RETURN_TYPE = YES_ERROR;
				GCC_WARN_UNDECLARED_SELECTOR = YES;
				GCC_WARN_UNINITIALIZED_AUTOS = YES_AGGRESSIVE;
				GCC_WARN_UNUSED_FUNCTION = YES;
				GCC_WARN_UNUSED_VARIABLE = YES;
				IPHONEOS_DEPLOYMENT_TARGET = 11.2;
				MTL_ENABLE_DEBUG_INFO = YES;
				ONLY_ACTIVE_ARCH = YES;
				SDKROOT = iphoneos;
			};
			name = Debug;
		};
		2888C97C20732C4200EF3306 /* Release */ = {
			isa = XCBuildConfiguration;
			buildSettings = {
				ALWAYS_SEARCH_USER_PATHS = NO;
				CLANG_ANALYZER_NONNULL = YES;
				CLANG_ANALYZER_NUMBER_OBJECT_CONVERSION = YES_AGGRESSIVE;
				CLANG_CXX_LANGUAGE_STANDARD = "gnu++14";
				CLANG_CXX_LIBRARY = "libc++";
				CLANG_ENABLE_MODULES = YES;
				CLANG_ENABLE_OBJC_ARC = YES;
				CLANG_WARN_BLOCK_CAPTURE_AUTORELEASING = YES;
				CLANG_WARN_BOOL_CONVERSION = YES;
				CLANG_WARN_COMMA = YES;
				CLANG_WARN_CONSTANT_CONVERSION = YES;
				CLANG_WARN_DIRECT_OBJC_ISA_USAGE = YES_ERROR;
				CLANG_WARN_DOCUMENTATION_COMMENTS = YES;
				CLANG_WARN_EMPTY_BODY = YES;
				CLANG_WARN_ENUM_CONVERSION = YES;
				CLANG_WARN_INFINITE_RECURSION = YES;
				CLANG_WARN_INT_CONVERSION = YES;
				CLANG_WARN_NON_LITERAL_NULL_CONVERSION = YES;
				CLANG_WARN_OBJC_LITERAL_CONVERSION = YES;
				CLANG_WARN_OBJC_ROOT_CLASS = YES_ERROR;
				CLANG_WARN_RANGE_LOOP_ANALYSIS = YES;
				CLANG_WARN_STRICT_PROTOTYPES = YES;
				CLANG_WARN_SUSPICIOUS_MOVE = YES;
				CLANG_WARN_UNGUARDED_AVAILABILITY = YES_AGGRESSIVE;
				CLANG_WARN_UNREACHABLE_CODE = YES;
				CLANG_WARN__DUPLICATE_METHOD_MATCH = YES;
				CODE_SIGN_IDENTITY = "iPhone Developer";
				COPY_PHASE_STRIP = NO;
				DEBUG_INFORMATION_FORMAT = "dwarf-with-dsym";
				ENABLE_NS_ASSERTIONS = NO;
				ENABLE_STRICT_OBJC_MSGSEND = YES;
				GCC_C_LANGUAGE_STANDARD = gnu11;
				GCC_NO_COMMON_BLOCKS = YES;
				GCC_WARN_64_TO_32_BIT_CONVERSION = YES;
				GCC_WARN_ABOUT_RETURN_TYPE = YES_ERROR;
				GCC_WARN_UNDECLARED_SELECTOR = YES;
				GCC_WARN_UNINITIALIZED_AUTOS = YES_AGGRESSIVE;
				GCC_WARN_UNUSED_FUNCTION = YES;
				GCC_WARN_UNUSED_VARIABLE = YES;
				IPHONEOS_DEPLOYMENT_TARGET = 11.2;
				MTL_ENABLE_DEBUG_INFO = NO;
				SDKROOT = iphoneos;
				VALIDATE_PRODUCT = YES;
			};
			name = Release;
		};
		2888C97E20732C4200EF3306 /* Debug */ = {
			isa = XCBuildConfiguration;
			buildSettings = {
				ASSETCATALOG_COMPILER_APPICON_NAME = AppIcon;
				CODE_SIGN_STYLE = Automatic;
				DEVELOPMENT_TEAM = 6E5UP45M2S;
				INFOPLIST_FILE = HyperlinksDemo/Info.plist;
				LD_RUNPATH_SEARCH_PATHS = "$(inherited) @executable_path/Frameworks";
				PRODUCT_BUNDLE_IDENTIFIER = didikon.HyperlinksDemo;
				PRODUCT_NAME = "$(TARGET_NAME)";
				TARGETED_DEVICE_FAMILY = "1,2";
			};
			name = Debug;
		};
		2888C97F20732C4200EF3306 /* Release */ = {
			isa = XCBuildConfiguration;
			buildSettings = {
				ASSETCATALOG_COMPILER_APPICON_NAME = AppIcon;
				CODE_SIGN_STYLE = Automatic;
				DEVELOPMENT_TEAM = 6E5UP45M2S;
				INFOPLIST_FILE = HyperlinksDemo/Info.plist;
				LD_RUNPATH_SEARCH_PATHS = "$(inherited) @executable_path/Frameworks";
				PRODUCT_BUNDLE_IDENTIFIER = didikon.HyperlinksDemo;
				PRODUCT_NAME = "$(TARGET_NAME)";
				TARGETED_DEVICE_FAMILY = "1,2";
			};
			name = Release;
		};
/* End XCBuildConfiguration section */

/* Begin XCConfigurationList section */
		2888C96220732C4200EF3306 /* Build configuration list for PBXProject "HyperlinksDemo" */ = {
			isa = XCConfigurationList;
			buildConfigurations = (
				2888C97B20732C4200EF3306 /* Debug */,
				2888C97C20732C4200EF3306 /* Release */,
			);
			defaultConfigurationIsVisible = 0;
			defaultConfigurationName = Release;
		};
		2888C97D20732C4200EF3306 /* Build configuration list for PBXNativeTarget "HyperlinksDemo" */ = {
			isa = XCConfigurationList;
			buildConfigurations = (
				2888C97E20732C4200EF3306 /* Debug */,
				2888C97F20732C4200EF3306 /* Release */,
			);
			defaultConfigurationIsVisible = 0;
			defaultConfigurationName = Release;
		};
/* End XCConfigurationList section */
	};
	rootObject = 2888C95F20732C4200EF3306 /* Project object */;
}
